
Microsoft Visual Studio Solution File, Format Version 12.00
Project("{FAE04EC0-301F-11D3-BF4B-00C04F79EFBC}") = "Algoritmer_Labb_1", "Algoritmer_Labb_1\Algoritmer_Labb_1.csproj", "{91167C17-B093-486D-8C86-6F4782A9FD0A}"
EndProject
Global
	GlobalSection(SolutionConfigurationPlatforms) = preSolution
		Debug|Any CPU = Debug|Any CPU
		Release|Any CPU = Release|Any CPU
	EndGlobalSection
	GlobalSection(ProjectConfigurationPlatforms) = postSolution
		{91167C17-B093-486D-8C86-6F4782A9FD0A}.Debug|Any CPU.ActiveCfg = Debug|Any CPU
		{91167C17-B093-486D-8C86-6F4782A9FD0A}.Debug|Any CPU.Build.0 = Debug|Any CPU
		{91167C17-B093-486D-8C86-6F4782A9FD0A}.Release|Any CPU.ActiveCfg = Release|Any CPU
		{91167C17-B093-486D-8C86-6F4782A9FD0A}.Release|Any CPU.Build.0 = Release|Any CPU
	EndGlobalSection
EndGlobal
